
Microsoft Visual Studio Solution File, Format Version 12.00
# Visual Studio Version 16
VisualStudioVersion = 16.0.30204.135
MinimumVisualStudioVersion = 10.0.40219.1
Project("{FAE04EC0-301F-11D3-BF4B-00C04F79EFBC}") = "Mp4Explorer", "Mp4Explorer\Mp4Explorer.csproj", "{B0A25FD6-0806-4E9F-B5CE-DC9ED0AB4CE8}"
EndProject
Global
	GlobalSection(SolutionConfigurationPlatforms) = preSolution
		Debug|Any CPU = Debug|Any CPU
		Release|Any CPU = Release|Any CPU
	EndGlobalSection
	GlobalSection(ProjectConfigurationPlatforms) = postSolution
		{B0A25FD6-0806-4E9F-B5CE-DC9ED0AB4CE8}.Debug|Any CPU.ActiveCfg = Debug|Any CPU
		{B0A25FD6-0806-4E9F-B5CE-DC9ED0AB4CE8}.Debug|Any CPU.Build.0 = Debug|Any CPU
		{B0A25FD6-0806-4E9F-B5CE-DC9ED0AB4CE8}.Release|Any CPU.ActiveCfg = Release|Any CPU
		{B0A25FD6-0806-4E9F-B5CE-DC9ED0AB4CE8}.Release|Any CPU.Build.0 = Release|Any CPU
	EndGlobalSection
	GlobalSection(SolutionProperties) = preSolution
		HideSolutionNode = FALSE
	EndGlobalSection
	GlobalSection(ExtensibilityGlobals) = postSolution
		SolutionGuid = {C1DDDE50-0022-4382-B7F8-27A66F658074}
	EndGlobalSection
EndGlobal
